
Microsoft Visual Studio Solution File, Format Version 12.00
# Visual Studio 14
VisualStudioVersion = 14.0.24720.0
MinimumVisualStudioVersion = 10.0.40219.1
Project("{FAE04EC0-301F-11D3-BF4B-00C04F79EFBC}") = "DevUtils", "DevUtils.csproj", "{FC5642DF-47E8-4512-A1F6-345C865FF739}"
EndProject
Global
	GlobalSection(SolutionConfigurationPlatforms) = preSolution
		Debug|Any CPU = Debug|Any CPU
		Release|Any CPU = Release|Any CPU
	EndGlobalSection
	GlobalSection(ProjectConfigurationPlatforms) = postSolution
		{FC5642DF-47E8-4512-A1F6-345C865FF739}.Debug|Any CPU.ActiveCfg = Debug|Any CPU
		{FC5642DF-47E8-4512-A1F6-345C865FF739}.Debug|Any CPU.Build.0 = Debug|Any CPU
		{FC5642DF-47E8-4512-A1F6-345C865FF739}.Release|Any CPU.ActiveCfg = Release|Any CPU
		{FC5642DF-47E8-4512-A1F6-345C865FF739}.Release|Any CPU.Build.0 = Release|Any CPU
	EndGlobalSection
	GlobalSection(SolutionProperties) = preSolution
		HideSolutionNode = FALSE
	EndGlobalSection
EndGlobal
